# This file is automatically @generated by Cargo.
# It is not intended for manual editing.
version = 4

[[package]]
name = "aluminum"
version = "0.1.0"
dependencies = [
 "cblas",
]

[[package]]
name = "autocfg"
version = "1.4.0"
source = "registry+https://github.com/rust-lang/crates.io-index"
checksum = "ace50bade8e6234aa140d9a2f552bbee1db4d353f69b8217bc503490fc1a9f26"

[[package]]
name = "cblas"
version = "0.5.0"
source = "registry+https://github.com/rust-lang/crates.io-index"
checksum = "c7c834e5b5c32a6dbcdb917788d0c38473e1ae7076ff2f4011eb96c5fec20eef"
dependencies = [
 "cblas-sys",
 "libc",
 "num-complex",
]

[[package]]
name = "cblas-sys"
version = "0.2.0"
source = "registry+https://github.com/rust-lang/crates.io-index"
checksum = "8354a31ad0d37f735e74c1973343c99dde4461ea8626a2b8d4fea9e06b987255"
dependencies = [
 "libc",
]

[[package]]
name = "libc"
version = "0.2.172"
source = "registry+https://github.com/rust-lang/crates.io-index"
checksum = "d750af042f7ef4f724306de029d18836c26c1765a54a6a3f094cbd23a7267ffa"

[[package]]
name = "num-complex"
version = "0.4.6"
source = "registry+https://github.com/rust-lang/crates.io-index"
checksum = "73f88a1307638156682bada9d7604135552957b7818057dcef22705b4d509495"
dependencies = [
 "num-traits",
]

[[package]]
name = "num-traits"
version = "0.2.19"
source = "registry+https://github.com/rust-lang/crates.io-index"
checksum = "071dfc062690e90b734c0b2273ce72ad0ffa95f0c74596bc250dcfd960262841"
dependencies = [
 "autocfg",
]
